// !$*UTF8*$!
{
	archiveVersion = 1;
	classes = {
	};
	objectVersion = 55;
	objects = {

/* Begin PBXBuildFile section */
		0B14061ABFB06A72EAE0540A /* LaunchScreen.storyboard in Resources */ = {isa = PBXBuildFile; fileRef = CE9616262CB667E5C1C18529 /* LaunchScreen.storyboard */; };
		0CB63FA864A9D03959B66700 /* OnboardingCollectionViewCell.swift in Sources */ = {isa = PBXBuildFile; fileRef = 13981F79DC235DE087296C73 /* OnboardingCollectionViewCell.swift */; };
		15A7433646B40E7662028926 /* Assets.xcassets in Resources */ = {isa = PBXBuildFile; fileRef = 31195D1DC71109D78B99B51E /* Assets.xcassets */; };
		19B53CCEC3D30776887F9BDE /* Converter.swift in Sources */ = {isa = PBXBuildFile; fileRef = 562264AF41018DC18D72A0EA /* Converter.swift */; };
		227505F20414FACAFB917CA5 /* SceneDelegate.swift in Sources */ = {isa = PBXBuildFile; fileRef = EC2CBC0F97FD3DD2E115BBEC /* SceneDelegate.swift */; };
		28A065FF6AE1568ECE709A4A /* Word.swift in Sources */ = {isa = PBXBuildFile; fileRef = 9128228CAE65CE86AE353303 /* Word.swift */; };
		2D5BE81A2D1A30C34F276763 /* Rubik-Regular.ttf in Resources */ = {isa = PBXBuildFile; fileRef = 21823393184D0F943DDA8793 /* Rubik-Regular.ttf */; };
		3044979A1DBECCA88ABC708E /* CoreMeaning+CoreDataClass.swift in Sources */ = {isa = PBXBuildFile; fileRef = 79B2FA416684721E177ACCFE /* CoreMeaning+CoreDataClass.swift */; };
		3204911940C8AF0D641F0ECA /* Rubik-ExtraBold.ttf in Resources */ = {isa = PBXBuildFile; fileRef = 9C3A51ACD5A81C740CC0CF9F /* Rubik-ExtraBold.ttf */; };
		32F294B4741A25C3DE93525F /* Alamofire.framework in Frameworks */ = {isa = PBXBuildFile; fileRef = 6DBCCEBA860F16F25FDB290F /* Alamofire.framework */; platformFilter = ios; };
		33BD591991B64710C2F2C2F9 /* CoreWord+CoreDataProperties.swift in Sources */ = {isa = PBXBuildFile; fileRef = 1A1B96E034356F86C7578A25 /* CoreWord+CoreDataProperties.swift */; };
		38B3CE88E332223096616EFF /* SearchCell.swift in Sources */ = {isa = PBXBuildFile; fileRef = 1CD761704FB7787570EFBAAC /* SearchCell.swift */; };
		3FEAB025751084A2BA28BF19 /* OnboardingViewController.swift in Sources */ = {isa = PBXBuildFile; fileRef = 38D719003A7E59DE13B40A39 /* OnboardingViewController.swift */; };
		452517D1B75C322804E6C7DB /* WordModel.swift in Sources */ = {isa = PBXBuildFile; fileRef = 21300C8D1DF95CAE2CD60B8D /* WordModel.swift */; };
		495EB64C0341B671EB292924 /* Rubik-SemiBoldItalic.ttf in Resources */ = {isa = PBXBuildFile; fileRef = 3C3080D2C39A06833085CE5B /* Rubik-SemiBoldItalic.ttf */; };
		550B685C17ACFFFAC8C8F098 /* TimerCircle.swift in Sources */ = {isa = PBXBuildFile; fileRef = 0C18EDE8DD97C310F64D15AD /* TimerCircle.swift */; };
		58EF1390F16A07DD8B6F05BF /* Rubik-Black.ttf in Resources */ = {isa = PBXBuildFile; fileRef = B7864F6CF15460D6E677FE11 /* Rubik-Black.ttf */; };
		5AAEBB43F098222B3EB7462A /* Rubik-Bold.ttf in Resources */ = {isa = PBXBuildFile; fileRef = 952801838F4FDE409C7FE716 /* Rubik-Bold.ttf */; };
		5B9791515F1D8528BE09A735 /* CustomTabBarController.swift in Sources */ = {isa = PBXBuildFile; fileRef = 191AC448A06A5739650979B3 /* CustomTabBarController.swift */; };
		5BB64EE14EEFB3EC8C7E4017 /* ApiManagerDictionary.swift in Sources */ = {isa = PBXBuildFile; fileRef = 941F5BA3F1C2BBA3CB283B4F /* ApiManagerDictionary.swift */; };
		5C0AA84878D4990CAFF76373 /* TuistAssets+WordsFactory.swift in Sources */ = {isa = PBXBuildFile; fileRef = 66C9B986EEC06650DBA56FF9 /* TuistAssets+WordsFactory.swift */; };
		6381196B573DDE5C13F6B945 /* CoreWordService.swift in Sources */ = {isa = PBXBuildFile; fileRef = 97C92C2BCCA580700213760E /* CoreWordService.swift */; };
		68A26A169A6880D7767CE470 /* DynamicTableCell.swift in Sources */ = {isa = PBXBuildFile; fileRef = 1A673A35C576A237FE6C6004 /* DynamicTableCell.swift */; };
		6C78DD1DA246F2578B6DFC87 /* Model.xcdatamodeld in Sources */ = {isa = PBXBuildFile; fileRef = 154B7E0AFB1A95D4B0196118 /* Model.xcdatamodeld */; };
		77AF9F79BCE2C91E9E17E2C2 /* CFNetwork.framework in Frameworks */ = {isa = PBXBuildFile; fileRef = 2D8240842BC5274E4D585711 /* CFNetwork.framework */; };
		78A398B8BB97AC8E7EA1A6ED /* Rubik-Medium.ttf in Resources */ = {isa = PBXBuildFile; fileRef = 60DAB9A66BEA97BA8A1179DB /* Rubik-Medium.ttf */; };
		816D5A68C7289373E35B3706 /* DynamicTable.swift in Sources */ = {isa = PBXBuildFile; fileRef = 8891058D1EB3FDD976F7A83B /* DynamicTable.swift */; };
		87094FD1FD066CD2C260D189 /* TuistFonts+WordsFactory.swift in Sources */ = {isa = PBXBuildFile; fileRef = 99B57C8B0FCA0BD2C469C543 /* TuistFonts+WordsFactory.swift */; };
		8AE5A3503EA87C0B0B442485 /* JsonStructs.swift in Sources */ = {isa = PBXBuildFile; fileRef = 245768187EDF4397C25F6D20 /* JsonStructs.swift */; };
		8DDB76FD1CD7206D78096644 /* UITableView+Extension.swift in Sources */ = {isa = PBXBuildFile; fileRef = 9C558BAFE85D17F08CB9A496 /* UITableView+Extension.swift */; };
		91B5AF9F9C943D950992829B /* WordTableViewCell.swift in Sources */ = {isa = PBXBuildFile; fileRef = 50C0D500018E9CC7E8F44275 /* WordTableViewCell.swift */; };
		940B2C2B956FA72F343E4006 /* Rubik-BlackItalic.ttf in Resources */ = {isa = PBXBuildFile; fileRef = 2E6323C4A7F19E824612A07C /* Rubik-BlackItalic.ttf */; };
		94D8892C97535C5B1C2F5C6B /* Rubik-LightItalic.ttf in Resources */ = {isa = PBXBuildFile; fileRef = 55FAF6CDF09AD47458F586DC /* Rubik-LightItalic.ttf */; };
		95707E7C0443D5C2063867AE /* Rubik-Italic.ttf in Resources */ = {isa = PBXBuildFile; fileRef = 4D7AF0D8126BB3B81F63AACD /* Rubik-Italic.ttf */; };
		9D02E5D574E0D2F7D7F8051A /* Rubik-SemiBold.ttf in Resources */ = {isa = PBXBuildFile; fileRef = 4FEAEBB148D7DF4E15689273 /* Rubik-SemiBold.ttf */; };
		A4339BDE73AEE7EE2D05A748 /* MainDictionaryViewController.swift in Sources */ = {isa = PBXBuildFile; fileRef = D061B0859BD4FB63DE691FA4 /* MainDictionaryViewController.swift */; };
		A9660D5EC423A413232656D8 /* ResultView.swift in Sources */ = {isa = PBXBuildFile; fileRef = E2077A4A33CC170A3CAEF164 /* ResultView.swift */; };
		B5C2B0611AD7D241FB5616CB /* QuizViewController.swift in Sources */ = {isa = PBXBuildFile; fileRef = 2DDF5ED83489E4B18E02FF2D /* QuizViewController.swift */; };
		BA7E06108EA1559F69E8D0C2 /* MainTrainingViewController.swift in Sources */ = {isa = PBXBuildFile; fileRef = 2BD4BAD9DE07C0CF556C0671 /* MainTrainingViewController.swift */; };
		BBB95380986473AD461B9363 /* MainTrainingPresenter.swift in Sources */ = {isa = PBXBuildFile; fileRef = F2320566695FA3F1ADD4296D /* MainTrainingPresenter.swift */; };
		C0852F9AEFC0C3C6A4B83BA3 /* Language.swift in Sources */ = {isa = PBXBuildFile; fileRef = 8C55AEC71B1696DDD8B2F6D7 /* Language.swift */; };
		C11B16F79727A80E7D08C717 /* PersistentContainer.swift in Sources */ = {isa = PBXBuildFile; fileRef = 3D81508E8E9DB09922865934 /* PersistentContainer.swift */; };
		CA0D9C36B701770A55EC4628 /* CoreWord+CoreDataClass.swift in Sources */ = {isa = PBXBuildFile; fileRef = 76D6A9CBC89D9D01D6E17045 /* CoreWord+CoreDataClass.swift */; };
		CAE4A1C378323A3DB79448A1 /* ViewController.swift in Sources */ = {isa = PBXBuildFile; fileRef = EBFD1EB2E02C91E3D9E1E03C /* ViewController.swift */; };
		D0734E31328FE7C687A3EF3E /* Rubik-BoldItalic.ttf in Resources */ = {isa = PBXBuildFile; fileRef = 52639D27124616091FE48235 /* Rubik-BoldItalic.ttf */; };
		D3C9707C803B1B1ABE9D05DD /* CoreMeaning+CoreDataProperties.swift in Sources */ = {isa = PBXBuildFile; fileRef = 931A56D719EB76AAA2D9433E /* CoreMeaning+CoreDataProperties.swift */; };
		D6D7EF145B6F52046169F600 /* Rubik-MediumItalic.ttf in Resources */ = {isa = PBXBuildFile; fileRef = 5D96A0FAF83BF200117040BD /* Rubik-MediumItalic.ttf */; };
		D6DB31DEE16C19710E7047EF /* WordTableViewCell.xib in Resources */ = {isa = PBXBuildFile; fileRef = 89C509AE24F4536AF1A3D76D /* WordTableViewCell.xib */; };
		DB0B1BB00096C060B46E7B23 /* Rubik-Light.ttf in Resources */ = {isa = PBXBuildFile; fileRef = 2131169A937922BED7793E07 /* Rubik-Light.ttf */; };
		DC08321397B7CE1574D61E40 /* MainSearchViewController.swift in Sources */ = {isa = PBXBuildFile; fileRef = 55032D9FFE94BD20E5B7A779 /* MainSearchViewController.swift */; };
		DC09DDFF49D04402437F04BA /* OnboardingSlide.swift in Sources */ = {isa = PBXBuildFile; fileRef = F80815C55774B2C86EA52289 /* OnboardingSlide.swift */; };
		DE8B37DD8AF1C4CAA5E8C505 /* TuistBundle+WordsFactory.swift in Sources */ = {isa = PBXBuildFile; fileRef = E5C39060AE5AD82B14C1C841 /* TuistBundle+WordsFactory.swift */; };
		E0C7147955765B99DF52367D /* UILabelView+Extension.swift in Sources */ = {isa = PBXBuildFile; fileRef = F3EDBCDED96E1762950FA120 /* UILabelView+Extension.swift */; };
		E0E5191A6DEBFFE85B009E34 /* AppDelegate.swift in Sources */ = {isa = PBXBuildFile; fileRef = 62EFBAD0311E2AFF330B2A99 /* AppDelegate.swift */; };
		E106A3356B0157DDE4B60C3F /* MainDictionaryPresenter.swift in Sources */ = {isa = PBXBuildFile; fileRef = 771FEE23A918C7C0B3C0E965 /* MainDictionaryPresenter.swift */; };
		E58C350579EC5998F6AAF32F /* OnboardingRouter.swift in Sources */ = {isa = PBXBuildFile; fileRef = 3A5D1C486E909307322ACEEC /* OnboardingRouter.swift */; };
		F29F079AEEA50B566004D55A /* Rubik-ExtraBoldItalic.ttf in Resources */ = {isa = PBXBuildFile; fileRef = FE98B7C95673DEC128E34350 /* Rubik-ExtraBoldItalic.ttf */; };
/* End PBXBuildFile section */

/* Begin PBXCopyFilesBuildPhase section */
		7686C372B47955D1220E7876 /* Embed Frameworks */ = {
			isa = PBXCopyFilesBuildPhase;
			buildActionMask = 2147483647;
			dstPath = "";
			dstSubfolderSpec = 10;
			files = (
			);
			name = "Embed Frameworks";
			runOnlyForDeploymentPostprocessing = 0;
		};
/* End PBXCopyFilesBuildPhase section */

/* Begin PBXFileReference section */
		0C18EDE8DD97C310F64D15AD /* TimerCircle.swift */ = {isa = PBXFileReference; lastKnownFileType = sourcecode.swift; path = TimerCircle.swift; sourceTree = "<group>"; };
		13981F79DC235DE087296C73 /* OnboardingCollectionViewCell.swift */ = {isa = PBXFileReference; lastKnownFileType = sourcecode.swift; path = OnboardingCollectionViewCell.swift; sourceTree = "<group>"; };
		191AC448A06A5739650979B3 /* CustomTabBarController.swift */ = {isa = PBXFileReference; lastKnownFileType = sourcecode.swift; path = CustomTabBarController.swift; sourceTree = "<group>"; };
		1A1B96E034356F86C7578A25 /* CoreWord+CoreDataProperties.swift */ = {isa = PBXFileReference; lastKnownFileType = sourcecode.swift; path = "CoreWord+CoreDataProperties.swift"; sourceTree = "<group>"; };
		1A673A35C576A237FE6C6004 /* DynamicTableCell.swift */ = {isa = PBXFileReference; lastKnownFileType = sourcecode.swift; path = DynamicTableCell.swift; sourceTree = "<group>"; };
		1CD761704FB7787570EFBAAC /* SearchCell.swift */ = {isa = PBXFileReference; lastKnownFileType = sourcecode.swift; path = SearchCell.swift; sourceTree = "<group>"; };
		2089F7C8A47F49F302644C2F /* Model.xcdatamodel */ = {isa = PBXFileReference; lastKnownFileType = wrapper.xcdatamodel; path = Model.xcdatamodel; sourceTree = "<group>"; };
		21300C8D1DF95CAE2CD60B8D /* WordModel.swift */ = {isa = PBXFileReference; lastKnownFileType = sourcecode.swift; path = WordModel.swift; sourceTree = "<group>"; };
		2131169A937922BED7793E07 /* Rubik-Light.ttf */ = {isa = PBXFileReference; lastKnownFileType = file; path = "Rubik-Light.ttf"; sourceTree = "<group>"; };
		21823393184D0F943DDA8793 /* Rubik-Regular.ttf */ = {isa = PBXFileReference; lastKnownFileType = file; path = "Rubik-Regular.ttf"; sourceTree = "<group>"; };
		245768187EDF4397C25F6D20 /* JsonStructs.swift */ = {isa = PBXFileReference; lastKnownFileType = sourcecode.swift; path = JsonStructs.swift; sourceTree = "<group>"; };
		2BD4BAD9DE07C0CF556C0671 /* MainTrainingViewController.swift */ = {isa = PBXFileReference; lastKnownFileType = sourcecode.swift; path = MainTrainingViewController.swift; sourceTree = "<group>"; };
		2D8240842BC5274E4D585711 /* CFNetwork.framework */ = {isa = PBXFileReference; lastKnownFileType = wrapper.framework; name = CFNetwork.framework; path = Platforms/iPhoneOS.platform/Developer/SDKs/iPhoneOS.sdk/System/Library/Frameworks/CFNetwork.framework; sourceTree = DEVELOPER_DIR; };
		2DDF5ED83489E4B18E02FF2D /* QuizViewController.swift */ = {isa = PBXFileReference; lastKnownFileType = sourcecode.swift; path = QuizViewController.swift; sourceTree = "<group>"; };
		2E6323C4A7F19E824612A07C /* Rubik-BlackItalic.ttf */ = {isa = PBXFileReference; lastKnownFileType = file; path = "Rubik-BlackItalic.ttf"; sourceTree = "<group>"; };
		31195D1DC71109D78B99B51E /* Assets.xcassets */ = {isa = PBXFileReference; lastKnownFileType = folder.assetcatalog; path = Assets.xcassets; sourceTree = "<group>"; };
		38D719003A7E59DE13B40A39 /* OnboardingViewController.swift */ = {isa = PBXFileReference; lastKnownFileType = sourcecode.swift; path = OnboardingViewController.swift; sourceTree = "<group>"; };
		3A5D1C486E909307322ACEEC /* OnboardingRouter.swift */ = {isa = PBXFileReference; lastKnownFileType = sourcecode.swift; path = OnboardingRouter.swift; sourceTree = "<group>"; };
		3C3080D2C39A06833085CE5B /* Rubik-SemiBoldItalic.ttf */ = {isa = PBXFileReference; lastKnownFileType = file; path = "Rubik-SemiBoldItalic.ttf"; sourceTree = "<group>"; };
		3D81508E8E9DB09922865934 /* PersistentContainer.swift */ = {isa = PBXFileReference; lastKnownFileType = sourcecode.swift; path = PersistentContainer.swift; sourceTree = "<group>"; };
		4D7AF0D8126BB3B81F63AACD /* Rubik-Italic.ttf */ = {isa = PBXFileReference; lastKnownFileType = file; path = "Rubik-Italic.ttf"; sourceTree = "<group>"; };
		4FEAEBB148D7DF4E15689273 /* Rubik-SemiBold.ttf */ = {isa = PBXFileReference; lastKnownFileType = file; path = "Rubik-SemiBold.ttf"; sourceTree = "<group>"; };
		50C0D500018E9CC7E8F44275 /* WordTableViewCell.swift */ = {isa = PBXFileReference; lastKnownFileType = sourcecode.swift; path = WordTableViewCell.swift; sourceTree = "<group>"; };
		52639D27124616091FE48235 /* Rubik-BoldItalic.ttf */ = {isa = PBXFileReference; lastKnownFileType = file; path = "Rubik-BoldItalic.ttf"; sourceTree = "<group>"; };
		55032D9FFE94BD20E5B7A779 /* MainSearchViewController.swift */ = {isa = PBXFileReference; lastKnownFileType = sourcecode.swift; path = MainSearchViewController.swift; sourceTree = "<group>"; };
		55FAF6CDF09AD47458F586DC /* Rubik-LightItalic.ttf */ = {isa = PBXFileReference; lastKnownFileType = file; path = "Rubik-LightItalic.ttf"; sourceTree = "<group>"; };
		562264AF41018DC18D72A0EA /* Converter.swift */ = {isa = PBXFileReference; lastKnownFileType = sourcecode.swift; path = Converter.swift; sourceTree = "<group>"; };
		5D96A0FAF83BF200117040BD /* Rubik-MediumItalic.ttf */ = {isa = PBXFileReference; lastKnownFileType = file; path = "Rubik-MediumItalic.ttf"; sourceTree = "<group>"; };
		60DAB9A66BEA97BA8A1179DB /* Rubik-Medium.ttf */ = {isa = PBXFileReference; lastKnownFileType = file; path = "Rubik-Medium.ttf"; sourceTree = "<group>"; };
		62EFBAD0311E2AFF330B2A99 /* AppDelegate.swift */ = {isa = PBXFileReference; lastKnownFileType = sourcecode.swift; path = AppDelegate.swift; sourceTree = "<group>"; };
		66C9B986EEC06650DBA56FF9 /* TuistAssets+WordsFactory.swift */ = {isa = PBXFileReference; lastKnownFileType = sourcecode.swift; path = "TuistAssets+WordsFactory.swift"; sourceTree = "<group>"; };
		6DBCCEBA860F16F25FDB290F /* Alamofire.framework */ = {isa = PBXFileReference; explicitFileType = wrapper.framework; includeInIndex = 0; path = Alamofire.framework; sourceTree = BUILT_PRODUCTS_DIR; };
		76D6A9CBC89D9D01D6E17045 /* CoreWord+CoreDataClass.swift */ = {isa = PBXFileReference; lastKnownFileType = sourcecode.swift; path = "CoreWord+CoreDataClass.swift"; sourceTree = "<group>"; };
		771FEE23A918C7C0B3C0E965 /* MainDictionaryPresenter.swift */ = {isa = PBXFileReference; lastKnownFileType = sourcecode.swift; path = MainDictionaryPresenter.swift; sourceTree = "<group>"; };
		79B2FA416684721E177ACCFE /* CoreMeaning+CoreDataClass.swift */ = {isa = PBXFileReference; lastKnownFileType = sourcecode.swift; path = "CoreMeaning+CoreDataClass.swift"; sourceTree = "<group>"; };
		85F77504712E5201B660B9E3 /* WordsFactory.app */ = {isa = PBXFileReference; explicitFileType = wrapper.application; includeInIndex = 0; path = WordsFactory.app; sourceTree = BUILT_PRODUCTS_DIR; };
		8891058D1EB3FDD976F7A83B /* DynamicTable.swift */ = {isa = PBXFileReference; lastKnownFileType = sourcecode.swift; path = DynamicTable.swift; sourceTree = "<group>"; };
		89C509AE24F4536AF1A3D76D /* WordTableViewCell.xib */ = {isa = PBXFileReference; lastKnownFileType = file.xib; path = WordTableViewCell.xib; sourceTree = "<group>"; };
		8C55AEC71B1696DDD8B2F6D7 /* Language.swift */ = {isa = PBXFileReference; lastKnownFileType = sourcecode.swift; path = Language.swift; sourceTree = "<group>"; };
		9128228CAE65CE86AE353303 /* Word.swift */ = {isa = PBXFileReference; lastKnownFileType = sourcecode.swift; path = Word.swift; sourceTree = "<group>"; };
		931A56D719EB76AAA2D9433E /* CoreMeaning+CoreDataProperties.swift */ = {isa = PBXFileReference; lastKnownFileType = sourcecode.swift; path = "CoreMeaning+CoreDataProperties.swift"; sourceTree = "<group>"; };
		941F5BA3F1C2BBA3CB283B4F /* ApiManagerDictionary.swift */ = {isa = PBXFileReference; lastKnownFileType = sourcecode.swift; path = ApiManagerDictionary.swift; sourceTree = "<group>"; };
		952801838F4FDE409C7FE716 /* Rubik-Bold.ttf */ = {isa = PBXFileReference; lastKnownFileType = file; path = "Rubik-Bold.ttf"; sourceTree = "<group>"; };
		97C92C2BCCA580700213760E /* CoreWordService.swift */ = {isa = PBXFileReference; lastKnownFileType = sourcecode.swift; path = CoreWordService.swift; sourceTree = "<group>"; };
		99B57C8B0FCA0BD2C469C543 /* TuistFonts+WordsFactory.swift */ = {isa = PBXFileReference; lastKnownFileType = sourcecode.swift; path = "TuistFonts+WordsFactory.swift"; sourceTree = "<group>"; };
		9C3A51ACD5A81C740CC0CF9F /* Rubik-ExtraBold.ttf */ = {isa = PBXFileReference; lastKnownFileType = file; path = "Rubik-ExtraBold.ttf"; sourceTree = "<group>"; };
		9C558BAFE85D17F08CB9A496 /* UITableView+Extension.swift */ = {isa = PBXFileReference; lastKnownFileType = sourcecode.swift; path = "UITableView+Extension.swift"; sourceTree = "<group>"; };
		B7864F6CF15460D6E677FE11 /* Rubik-Black.ttf */ = {isa = PBXFileReference; lastKnownFileType = file; path = "Rubik-Black.ttf"; sourceTree = "<group>"; };
		C8D51E05E8B52BBD3F39605E /* WordsFactory-Info.plist */ = {isa = PBXFileReference; lastKnownFileType = text.plist; path = "WordsFactory-Info.plist"; sourceTree = "<group>"; };
		CE9616262CB667E5C1C18529 /* LaunchScreen.storyboard */ = {isa = PBXFileReference; lastKnownFileType = file.storyboard; path = LaunchScreen.storyboard; sourceTree = "<group>"; };
		D061B0859BD4FB63DE691FA4 /* MainDictionaryViewController.swift */ = {isa = PBXFileReference; lastKnownFileType = sourcecode.swift; path = MainDictionaryViewController.swift; sourceTree = "<group>"; };
		E2077A4A33CC170A3CAEF164 /* ResultView.swift */ = {isa = PBXFileReference; lastKnownFileType = sourcecode.swift; path = ResultView.swift; sourceTree = "<group>"; };
		E5C39060AE5AD82B14C1C841 /* TuistBundle+WordsFactory.swift */ = {isa = PBXFileReference; lastKnownFileType = sourcecode.swift; path = "TuistBundle+WordsFactory.swift"; sourceTree = "<group>"; };
		EBFD1EB2E02C91E3D9E1E03C /* ViewController.swift */ = {isa = PBXFileReference; lastKnownFileType = sourcecode.swift; path = ViewController.swift; sourceTree = "<group>"; };
		EC2CBC0F97FD3DD2E115BBEC /* SceneDelegate.swift */ = {isa = PBXFileReference; lastKnownFileType = sourcecode.swift; path = SceneDelegate.swift; sourceTree = "<group>"; };
		F2320566695FA3F1ADD4296D /* MainTrainingPresenter.swift */ = {isa = PBXFileReference; lastKnownFileType = sourcecode.swift; path = MainTrainingPresenter.swift; sourceTree = "<group>"; };
		F3EDBCDED96E1762950FA120 /* UILabelView+Extension.swift */ = {isa = PBXFileReference; lastKnownFileType = sourcecode.swift; path = "UILabelView+Extension.swift"; sourceTree = "<group>"; };
		F80815C55774B2C86EA52289 /* OnboardingSlide.swift */ = {isa = PBXFileReference; lastKnownFileType = sourcecode.swift; path = OnboardingSlide.swift; sourceTree = "<group>"; };
		FE98B7C95673DEC128E34350 /* Rubik-ExtraBoldItalic.ttf */ = {isa = PBXFileReference; lastKnownFileType = file; path = "Rubik-ExtraBoldItalic.ttf"; sourceTree = "<group>"; };
/* End PBXFileReference section */

/* Begin PBXFrameworksBuildPhase section */
		AF7D85BBCA78ACB7ABBC65C0 /* Frameworks */ = {
			isa = PBXFrameworksBuildPhase;
			buildActionMask = 2147483647;
			files = (
				77AF9F79BCE2C91E9E17E2C2 /* CFNetwork.framework in Frameworks */,
				32F294B4741A25C3DE93525F /* Alamofire.framework in Frameworks */,
			);
			runOnlyForDeploymentPostprocessing = 0;
		};
/* End PBXFrameworksBuildPhase section */

/* Begin PBXGroup section */
		0B381017C597A1B1E77585CE /* Sources */ = {
			isa = PBXGroup;
			children = (
				66C9B986EEC06650DBA56FF9 /* TuistAssets+WordsFactory.swift */,
				E5C39060AE5AD82B14C1C841 /* TuistBundle+WordsFactory.swift */,
				99B57C8B0FCA0BD2C469C543 /* TuistFonts+WordsFactory.swift */,
			);
			path = Sources;
			sourceTree = "<group>";
		};
		0F1BCCB3E92750CACE95C05A /* Views */ = {
			isa = PBXGroup;
			children = (
				500BCBF1F21C88450B6482CD /* Cells */,
				7462E0AF439299DE1D1E64C3 /* Subviews */,
			);
			path = Views;
			sourceTree = "<group>";
		};
		130588F59DB0AC1646FFE54D /* Frameworks */ = {
			isa = PBXGroup;
			children = (
				2D8240842BC5274E4D585711 /* CFNetwork.framework */,
			);
			name = Frameworks;
			sourceTree = "<group>";
		};
		176C9390F7C50CA630ECEAA6 /* Modules */ = {
			isa = PBXGroup;
			children = (
				406A25DC01A0202C0E7FDB41 /* Dictionary */,
				F13C8E7A13B8603CC3A89CF0 /* Extentsions */,
				8648B41B5363279EBE75C928 /* Onboarding */,
				A120C7D7F54BE366A85A554D /* Search */,
				643312E74AA709DD78677BCD /* Storage */,
				1A45EB08D0F0E0FB02B15704 /* Training */,
			);
			path = Modules;
			sourceTree = "<group>";
		};
		1A45EB08D0F0E0FB02B15704 /* Training */ = {
			isa = PBXGroup;
			children = (
				7B9075185D218DC3FCC5A6D6 /* Presenters */,
				5B53847B58567AE8DABFB35D /* Views */,
			);
			path = Training;
			sourceTree = "<group>";
		};
		1F852F67A3E661A1BAAFEB49 /* Models */ = {
			isa = PBXGroup;
			children = (
				21300C8D1DF95CAE2CD60B8D /* WordModel.swift */,
			);
			path = Models;
			sourceTree = "<group>";
		};
		2100C984C939D43FC50A40FA /* Derived */ = {
			isa = PBXGroup;
			children = (
				8E29B92B839E28908595B031 /* InfoPlists */,
				0B381017C597A1B1E77585CE /* Sources */,
			);
			path = Derived;
			sourceTree = "<group>";
		};
		406A25DC01A0202C0E7FDB41 /* Dictionary */ = {
			isa = PBXGroup;
			children = (
				1F852F67A3E661A1BAAFEB49 /* Models */,
				C2470486FA4EC1A196D7D9FA /* Presenters */,
				C9089FE236FF17ABDD1FF0C2 /* Views */,
			);
			path = Dictionary;
			sourceTree = "<group>";
		};
		500BCBF1F21C88450B6482CD /* Cells */ = {
			isa = PBXGroup;
			children = (
				50C0D500018E9CC7E8F44275 /* WordTableViewCell.swift */,
				89C509AE24F4536AF1A3D76D /* WordTableViewCell.xib */,
			);
			path = Cells;
			sourceTree = "<group>";
		};
		5B53847B58567AE8DABFB35D /* Views */ = {
			isa = PBXGroup;
			children = (
				5ECC93903F544172D53BA27E /* Main */,
			);
			path = Views;
			sourceTree = "<group>";
		};
		5ECC93903F544172D53BA27E /* Main */ = {
			isa = PBXGroup;
			children = (
				2BD4BAD9DE07C0CF556C0671 /* MainTrainingViewController.swift */,
				2DDF5ED83489E4B18E02FF2D /* QuizViewController.swift */,
				E2077A4A33CC170A3CAEF164 /* ResultView.swift */,
			);
			path = Main;
			sourceTree = "<group>";
		};
		6334580910C12A763DA567B7 /* Products */ = {
			isa = PBXGroup;
			children = (
				6DBCCEBA860F16F25FDB290F /* Alamofire.framework */,
				85F77504712E5201B660B9E3 /* WordsFactory.app */,
			);
			name = Products;
			sourceTree = "<group>";
		};
		643312E74AA709DD78677BCD /* Storage */ = {
			isa = PBXGroup;
			children = (
				562264AF41018DC18D72A0EA /* Converter.swift */,
				79B2FA416684721E177ACCFE /* CoreMeaning+CoreDataClass.swift */,
				931A56D719EB76AAA2D9433E /* CoreMeaning+CoreDataProperties.swift */,
				76D6A9CBC89D9D01D6E17045 /* CoreWord+CoreDataClass.swift */,
				1A1B96E034356F86C7578A25 /* CoreWord+CoreDataProperties.swift */,
				97C92C2BCCA580700213760E /* CoreWordService.swift */,
				3D81508E8E9DB09922865934 /* PersistentContainer.swift */,
			);
			path = Storage;
			sourceTree = "<group>";
		};
		7462E0AF439299DE1D1E64C3 /* Subviews */ = {
			isa = PBXGroup;
			children = (
				0C18EDE8DD97C310F64D15AD /* TimerCircle.swift */,
			);
			path = Subviews;
			sourceTree = "<group>";
		};
		7B9075185D218DC3FCC5A6D6 /* Presenters */ = {
			isa = PBXGroup;
			children = (
				F2320566695FA3F1ADD4296D /* MainTrainingPresenter.swift */,
			);
			path = Presenters;
			sourceTree = "<group>";
		};
		80A4A5FE5C76502212AE8A67 /* Fonts */ = {
			isa = PBXGroup;
			children = (
				B7864F6CF15460D6E677FE11 /* Rubik-Black.ttf */,
				2E6323C4A7F19E824612A07C /* Rubik-BlackItalic.ttf */,
				952801838F4FDE409C7FE716 /* Rubik-Bold.ttf */,
				52639D27124616091FE48235 /* Rubik-BoldItalic.ttf */,
				9C3A51ACD5A81C740CC0CF9F /* Rubik-ExtraBold.ttf */,
				FE98B7C95673DEC128E34350 /* Rubik-ExtraBoldItalic.ttf */,
				4D7AF0D8126BB3B81F63AACD /* Rubik-Italic.ttf */,
				2131169A937922BED7793E07 /* Rubik-Light.ttf */,
				55FAF6CDF09AD47458F586DC /* Rubik-LightItalic.ttf */,
				60DAB9A66BEA97BA8A1179DB /* Rubik-Medium.ttf */,
				5D96A0FAF83BF200117040BD /* Rubik-MediumItalic.ttf */,
				21823393184D0F943DDA8793 /* Rubik-Regular.ttf */,
				4FEAEBB148D7DF4E15689273 /* Rubik-SemiBold.ttf */,
				3C3080D2C39A06833085CE5B /* Rubik-SemiBoldItalic.ttf */,
			);
			path = Fonts;
			sourceTree = "<group>";
		};
		8648B41B5363279EBE75C928 /* Onboarding */ = {
			isa = PBXGroup;
			children = (
				EEAAA1E6053EE132725A305E /* Models */,
				9D351EEE2AE0834BF20D9A75 /* Views */,
				3A5D1C486E909307322ACEEC /* OnboardingRouter.swift */,
			);
			path = Onboarding;
			sourceTree = "<group>";
		};
		8E29B92B839E28908595B031 /* InfoPlists */ = {
			isa = PBXGroup;
			children = (
				C8D51E05E8B52BBD3F39605E /* WordsFactory-Info.plist */,
			);
			path = InfoPlists;
			sourceTree = "<group>";
		};
		8EE3D43B5098F045BAC2F31C /* Model */ = {
			isa = PBXGroup;
			children = (
				900EA456A02B2A8FB2BD8BB7 /* Api managers */,
				8C55AEC71B1696DDD8B2F6D7 /* Language.swift */,
				9128228CAE65CE86AE353303 /* Word.swift */,
			);
			path = Model;
			sourceTree = "<group>";
		};
		900EA456A02B2A8FB2BD8BB7 /* Api managers */ = {
			isa = PBXGroup;
			children = (
				941F5BA3F1C2BBA3CB283B4F /* ApiManagerDictionary.swift */,
				245768187EDF4397C25F6D20 /* JsonStructs.swift */,
			);
			path = "Api managers";
			sourceTree = "<group>";
		};
		9D351EEE2AE0834BF20D9A75 /* Views */ = {
			isa = PBXGroup;
			children = (
				13981F79DC235DE087296C73 /* OnboardingCollectionViewCell.swift */,
				38D719003A7E59DE13B40A39 /* OnboardingViewController.swift */,
			);
			path = Views;
			sourceTree = "<group>";
		};
		9F990DAC7DFEAD2373BC4EB8 /* Project */ = {
			isa = PBXGroup;
			children = (
				2100C984C939D43FC50A40FA /* Derived */,
				F909B993D124C1E56C608B56 /* WordsFactory */,
			);
			name = Project;
			sourceTree = "<group>";
		};
		A120C7D7F54BE366A85A554D /* Search */ = {
			isa = PBXGroup;
			children = (
				DDD2B22D70E921ACC1EF62B1 /* Controller */,
				8EE3D43B5098F045BAC2F31C /* Model */,
			);
			path = Search;
			sourceTree = "<group>";
		};
		A4F5CD82CAD00341A5B559E2 /* View Controllers */ = {
			isa = PBXGroup;
			children = (
				55032D9FFE94BD20E5B7A779 /* MainSearchViewController.swift */,
			);
			path = "View Controllers";
			sourceTree = "<group>";
		};
		B088B93E048D87931AA22661 = {
			isa = PBXGroup;
			children = (
				9F990DAC7DFEAD2373BC4EB8 /* Project */,
				130588F59DB0AC1646FFE54D /* Frameworks */,
				6334580910C12A763DA567B7 /* Products */,
			);
			sourceTree = "<group>";
		};
		C2470486FA4EC1A196D7D9FA /* Presenters */ = {
			isa = PBXGroup;
			children = (
				771FEE23A918C7C0B3C0E965 /* MainDictionaryPresenter.swift */,
			);
			path = Presenters;
			sourceTree = "<group>";
		};
		C9089FE236FF17ABDD1FF0C2 /* Views */ = {
			isa = PBXGroup;
			children = (
				CBCBD01B1EFB9D5F20A686F2 /* Main */,
			);
			path = Views;
			sourceTree = "<group>";
		};
		CBCBD01B1EFB9D5F20A686F2 /* Main */ = {
			isa = PBXGroup;
			children = (
				8891058D1EB3FDD976F7A83B /* DynamicTable.swift */,
				1A673A35C576A237FE6C6004 /* DynamicTableCell.swift */,
				D061B0859BD4FB63DE691FA4 /* MainDictionaryViewController.swift */,
				1CD761704FB7787570EFBAAC /* SearchCell.swift */,
			);
			path = Main;
			sourceTree = "<group>";
		};
		DDD2B22D70E921ACC1EF62B1 /* Controller */ = {
			isa = PBXGroup;
			children = (
				A4F5CD82CAD00341A5B559E2 /* View Controllers */,
			);
			path = Controller;
			sourceTree = "<group>";
		};
		EEAAA1E6053EE132725A305E /* Models */ = {
			isa = PBXGroup;
			children = (
				F80815C55774B2C86EA52289 /* OnboardingSlide.swift */,
			);
			path = Models;
			sourceTree = "<group>";
		};
		F13C8E7A13B8603CC3A89CF0 /* Extentsions */ = {
			isa = PBXGroup;
			children = (
				F3EDBCDED96E1762950FA120 /* UILabelView+Extension.swift */,
				9C558BAFE85D17F08CB9A496 /* UITableView+Extension.swift */,
			);
			path = Extentsions;
			sourceTree = "<group>";
		};
		F909B993D124C1E56C608B56 /* WordsFactory */ = {
			isa = PBXGroup;
			children = (
				80A4A5FE5C76502212AE8A67 /* Fonts */,
				154B7E0AFB1A95D4B0196118 /* Model.xcdatamodeld */,
				176C9390F7C50CA630ECEAA6 /* Modules */,
				0F1BCCB3E92750CACE95C05A /* Views */,
				62EFBAD0311E2AFF330B2A99 /* AppDelegate.swift */,
				31195D1DC71109D78B99B51E /* Assets.xcassets */,
				191AC448A06A5739650979B3 /* CustomTabBarController.swift */,
				CE9616262CB667E5C1C18529 /* LaunchScreen.storyboard */,
				EC2CBC0F97FD3DD2E115BBEC /* SceneDelegate.swift */,
				EBFD1EB2E02C91E3D9E1E03C /* ViewController.swift */,
			);
			path = WordsFactory;
			sourceTree = "<group>";
		};
/* End PBXGroup section */

/* Begin PBXNativeTarget section */
		35AEB995C8DD93DAEBFB3682 /* WordsFactory */ = {
			isa = PBXNativeTarget;
			buildConfigurationList = 8EBAF65843601CB2210FC123 /* Build configuration list for PBXNativeTarget "WordsFactory" */;
			buildPhases = (
				CE330731226ACCD0109867C2 /* Sources */,
				FD0FCCD7D33BADB624A72285 /* Resources */,
				7686C372B47955D1220E7876 /* Embed Frameworks */,
				AF7D85BBCA78ACB7ABBC65C0 /* Frameworks */,
			);
			buildRules = (
			);
			dependencies = (
			);
			name = WordsFactory;
			productName = WordsFactory;
			productReference = 85F77504712E5201B660B9E3 /* WordsFactory.app */;
			productType = "com.apple.product-type.application";
		};
/* End PBXNativeTarget section */

/* Begin PBXProject section */
		B8857C773AE117A7CD77A846 /* Project object */ = {
			isa = PBXProject;
			attributes = {
				BuildIndependentTargetsInParallel = YES;
				TargetAttributes = {
				};
			};
			buildConfigurationList = 677518F0301BB9C5BA3C922A /* Build configuration list for PBXProject "WordsFactory" */;
			compatibilityVersion = "Xcode 13.0";
			developmentRegion = en;
			hasScannedForEncodings = 0;
			knownRegions = (
				Base,
				en,
			);
			mainGroup = B088B93E048D87931AA22661;
			productRefGroup = 6334580910C12A763DA567B7 /* Products */;
			projectDirPath = "";
			projectRoot = "";
			targets = (
				35AEB995C8DD93DAEBFB3682 /* WordsFactory */,
			);
		};
/* End PBXProject section */

/* Begin PBXResourcesBuildPhase section */
		FD0FCCD7D33BADB624A72285 /* Resources */ = {
			isa = PBXResourcesBuildPhase;
			buildActionMask = 2147483647;
			files = (
				15A7433646B40E7662028926 /* Assets.xcassets in Resources */,
				58EF1390F16A07DD8B6F05BF /* Rubik-Black.ttf in Resources */,
				940B2C2B956FA72F343E4006 /* Rubik-BlackItalic.ttf in Resources */,
				5AAEBB43F098222B3EB7462A /* Rubik-Bold.ttf in Resources */,
				D0734E31328FE7C687A3EF3E /* Rubik-BoldItalic.ttf in Resources */,
				3204911940C8AF0D641F0ECA /* Rubik-ExtraBold.ttf in Resources */,
				F29F079AEEA50B566004D55A /* Rubik-ExtraBoldItalic.ttf in Resources */,
				95707E7C0443D5C2063867AE /* Rubik-Italic.ttf in Resources */,
				DB0B1BB00096C060B46E7B23 /* Rubik-Light.ttf in Resources */,
				94D8892C97535C5B1C2F5C6B /* Rubik-LightItalic.ttf in Resources */,
				78A398B8BB97AC8E7EA1A6ED /* Rubik-Medium.ttf in Resources */,
				D6D7EF145B6F52046169F600 /* Rubik-MediumItalic.ttf in Resources */,
				2D5BE81A2D1A30C34F276763 /* Rubik-Regular.ttf in Resources */,
				9D02E5D574E0D2F7D7F8051A /* Rubik-SemiBold.ttf in Resources */,
				495EB64C0341B671EB292924 /* Rubik-SemiBoldItalic.ttf in Resources */,
				0B14061ABFB06A72EAE0540A /* LaunchScreen.storyboard in Resources */,
				D6DB31DEE16C19710E7047EF /* WordTableViewCell.xib in Resources */,
			);
			runOnlyForDeploymentPostprocessing = 0;
		};
/* End PBXResourcesBuildPhase section */

/* Begin PBXSourcesBuildPhase section */
		CE330731226ACCD0109867C2 /* Sources */ = {
			isa = PBXSourcesBuildPhase;
			buildActionMask = 2147483647;
			files = (
				5C0AA84878D4990CAFF76373 /* TuistAssets+WordsFactory.swift in Sources */,
				DE8B37DD8AF1C4CAA5E8C505 /* TuistBundle+WordsFactory.swift in Sources */,
				87094FD1FD066CD2C260D189 /* TuistFonts+WordsFactory.swift in Sources */,
				E0E5191A6DEBFFE85B009E34 /* AppDelegate.swift in Sources */,
				5B9791515F1D8528BE09A735 /* CustomTabBarController.swift in Sources */,
				452517D1B75C322804E6C7DB /* WordModel.swift in Sources */,
				E106A3356B0157DDE4B60C3F /* MainDictionaryPresenter.swift in Sources */,
				816D5A68C7289373E35B3706 /* DynamicTable.swift in Sources */,
				68A26A169A6880D7767CE470 /* DynamicTableCell.swift in Sources */,
				A4339BDE73AEE7EE2D05A748 /* MainDictionaryViewController.swift in Sources */,
				38B3CE88E332223096616EFF /* SearchCell.swift in Sources */,
				E0C7147955765B99DF52367D /* UILabelView+Extension.swift in Sources */,
				8DDB76FD1CD7206D78096644 /* UITableView+Extension.swift in Sources */,
				DC09DDFF49D04402437F04BA /* OnboardingSlide.swift in Sources */,
				E58C350579EC5998F6AAF32F /* OnboardingRouter.swift in Sources */,
				0CB63FA864A9D03959B66700 /* OnboardingCollectionViewCell.swift in Sources */,
				3FEAB025751084A2BA28BF19 /* OnboardingViewController.swift in Sources */,
				DC08321397B7CE1574D61E40 /* MainSearchViewController.swift in Sources */,
				5BB64EE14EEFB3EC8C7E4017 /* ApiManagerDictionary.swift in Sources */,
				8AE5A3503EA87C0B0B442485 /* JsonStructs.swift in Sources */,
				C0852F9AEFC0C3C6A4B83BA3 /* Language.swift in Sources */,
				28A065FF6AE1568ECE709A4A /* Word.swift in Sources */,
				19B53CCEC3D30776887F9BDE /* Converter.swift in Sources */,
				3044979A1DBECCA88ABC708E /* CoreMeaning+CoreDataClass.swift in Sources */,
				D3C9707C803B1B1ABE9D05DD /* CoreMeaning+CoreDataProperties.swift in Sources */,
				CA0D9C36B701770A55EC4628 /* CoreWord+CoreDataClass.swift in Sources */,
				33BD591991B64710C2F2C2F9 /* CoreWord+CoreDataProperties.swift in Sources */,
				6381196B573DDE5C13F6B945 /* CoreWordService.swift in Sources */,
				C11B16F79727A80E7D08C717 /* PersistentContainer.swift in Sources */,
				BBB95380986473AD461B9363 /* MainTrainingPresenter.swift in Sources */,
				BA7E06108EA1559F69E8D0C2 /* MainTrainingViewController.swift in Sources */,
				B5C2B0611AD7D241FB5616CB /* QuizViewController.swift in Sources */,
				A9660D5EC423A413232656D8 /* ResultView.swift in Sources */,
				227505F20414FACAFB917CA5 /* SceneDelegate.swift in Sources */,
				CAE4A1C378323A3DB79448A1 /* ViewController.swift in Sources */,
				91B5AF9F9C943D950992829B /* WordTableViewCell.swift in Sources */,
				550B685C17ACFFFAC8C8F098 /* TimerCircle.swift in Sources */,
				6C78DD1DA246F2578B6DFC87 /* Model.xcdatamodeld in Sources */,
			);
			runOnlyForDeploymentPostprocessing = 0;
		};
/* End PBXSourcesBuildPhase section */

/* Begin XCBuildConfiguration section */
		5BBE7C8D2120CFEC77C75FBB /* Release */ = {
			isa = XCBuildConfiguration;
			buildSettings = {
				ASSETCATALOG_COMPILER_APPICON_NAME = AppIcon;
				CODE_SIGN_IDENTITY = "iPhone Developer";
				ENABLE_PREVIEWS = YES;
				INFOPLIST_FILE = "Derived/InfoPlists/WordsFactory-Info.plist";
				LD_RUNPATH_SEARCH_PATHS = (
					"$(inherited)",
					"@executable_path/Frameworks",
				);
				PRODUCT_BUNDLE_IDENTIFIER = nad.WordsFactory;
				PRODUCT_NAME = WordsFactory;
				SDKROOT = iphoneos;
				SWIFT_COMPILATION_MODE = wholemodule;
				SWIFT_OPTIMIZATION_LEVEL = "-Owholemodule";
				SWIFT_VERSION = 5.0;
				TARGETED_DEVICE_FAMILY = "1,2";
			};
			name = Release;
		};
		ADE12024E79C1E7AE3471E05 /* Debug */ = {
			isa = XCBuildConfiguration;
			buildSettings = {
				ASSETCATALOG_COMPILER_APPICON_NAME = AppIcon;
				CODE_SIGN_IDENTITY = "iPhone Developer";
				ENABLE_PREVIEWS = YES;
				INFOPLIST_FILE = "Derived/InfoPlists/WordsFactory-Info.plist";
				LD_RUNPATH_SEARCH_PATHS = (
					"$(inherited)",
					"@executable_path/Frameworks",
				);
				PRODUCT_BUNDLE_IDENTIFIER = nad.WordsFactory;
				PRODUCT_NAME = WordsFactory;
				SDKROOT = iphoneos;
				SWIFT_ACTIVE_COMPILATION_CONDITIONS = DEBUG;
				SWIFT_COMPILATION_MODE = singlefile;
				SWIFT_OPTIMIZATION_LEVEL = "-Onone";
				SWIFT_VERSION = 5.0;
				TARGETED_DEVICE_FAMILY = "1,2";
			};
			name = Debug;
		};
		BE90BD9FB6C6851ADE41DC75 /* Release */ = {
			isa = XCBuildConfiguration;
			buildSettings = {
				ALWAYS_SEARCH_USER_PATHS = NO;
				CLANG_ANALYZER_LOCALIZABILITY_NONLOCALIZED = YES;
				CLANG_ANALYZER_NONNULL = YES;
				CLANG_ANALYZER_NUMBER_OBJECT_CONVERSION = YES_AGGRESSIVE;
				CLANG_CXX_LANGUAGE_STANDARD = "gnu++14";
				CLANG_CXX_LIBRARY = "libc++";
				CLANG_ENABLE_MODULES = YES;
				CLANG_ENABLE_OBJC_ARC = YES;
				CLANG_ENABLE_OBJC_WEAK = YES;
				CLANG_WARN_BLOCK_CAPTURE_AUTORELEASING = YES;
				CLANG_WARN_BOOL_CONVERSION = YES;
				CLANG_WARN_COMMA = YES;
				CLANG_WARN_CONSTANT_CONVERSION = YES;
				CLANG_WARN_DEPRECATED_OBJC_IMPLEMENTATIONS = YES;
				CLANG_WARN_DIRECT_OBJC_ISA_USAGE = YES_ERROR;
				CLANG_WARN_DOCUMENTATION_COMMENTS = YES;
				CLANG_WARN_EMPTY_BODY = YES;
				CLANG_WARN_ENUM_CONVERSION = YES;
				CLANG_WARN_INFINITE_RECURSION = YES;
				CLANG_WARN_INT_CONVERSION = YES;
				CLANG_WARN_NON_LITERAL_NULL_CONVERSION = YES;
				CLANG_WARN_OBJC_IMPLICIT_RETAIN_SELF = YES;
				CLANG_WARN_OBJC_LITERAL_CONVERSION = YES;
				CLANG_WARN_OBJC_ROOT_CLASS = YES_ERROR;
				CLANG_WARN_QUOTED_INCLUDE_IN_FRAMEWORK_HEADER = YES;
				CLANG_WARN_RANGE_LOOP_ANALYSIS = YES;
				CLANG_WARN_STRICT_PROTOTYPES = YES;
				CLANG_WARN_SUSPICIOUS_MOVE = YES;
				CLANG_WARN_UNGUARDED_AVAILABILITY = YES_AGGRESSIVE;
				CLANG_WARN_UNREACHABLE_CODE = YES;
				CLANG_WARN__DUPLICATE_METHOD_MATCH = YES;
				COPY_PHASE_STRIP = NO;
				DEAD_CODE_STRIPPING = YES;
				DEBUG_INFORMATION_FORMAT = "dwarf-with-dsym";
				ENABLE_NS_ASSERTIONS = NO;
				ENABLE_STRICT_OBJC_MSGSEND = YES;
				GCC_C_LANGUAGE_STANDARD = gnu11;
				GCC_NO_COMMON_BLOCKS = YES;
				GCC_WARN_64_TO_32_BIT_CONVERSION = YES;
				GCC_WARN_ABOUT_RETURN_TYPE = YES_ERROR;
				GCC_WARN_UNDECLARED_SELECTOR = YES;
				GCC_WARN_UNINITIALIZED_AUTOS = YES_AGGRESSIVE;
				GCC_WARN_UNUSED_FUNCTION = YES;
				GCC_WARN_UNUSED_VARIABLE = YES;
				MTL_ENABLE_DEBUG_INFO = NO;
				PRODUCT_NAME = "$(TARGET_NAME)";
				VALIDATE_PRODUCT = YES;
			};
			name = Release;
		};
		E55A3628BAEC3C908F04AD53 /* Debug */ = {
			isa = XCBuildConfiguration;
			buildSettings = {
				ALWAYS_SEARCH_USER_PATHS = NO;
				CLANG_ANALYZER_LOCALIZABILITY_NONLOCALIZED = YES;
				CLANG_ANALYZER_NONNULL = YES;
				CLANG_ANALYZER_NUMBER_OBJECT_CONVERSION = YES_AGGRESSIVE;
				CLANG_CXX_LANGUAGE_STANDARD = "gnu++14";
				CLANG_CXX_LIBRARY = "libc++";
				CLANG_ENABLE_MODULES = YES;
				CLANG_ENABLE_OBJC_ARC = YES;
				CLANG_ENABLE_OBJC_WEAK = YES;
				CLANG_WARN_BLOCK_CAPTURE_AUTORELEASING = YES;
				CLANG_WARN_BOOL_CONVERSION = YES;
				CLANG_WARN_COMMA = YES;
				CLANG_WARN_CONSTANT_CONVERSION = YES;
				CLANG_WARN_DEPRECATED_OBJC_IMPLEMENTATIONS = YES;
				CLANG_WARN_DIRECT_OBJC_ISA_USAGE = YES_ERROR;
				CLANG_WARN_DOCUMENTATION_COMMENTS = YES;
				CLANG_WARN_EMPTY_BODY = YES;
				CLANG_WARN_ENUM_CONVERSION = YES;
				CLANG_WARN_INFINITE_RECURSION = YES;
				CLANG_WARN_INT_CONVERSION = YES;
				CLANG_WARN_NON_LITERAL_NULL_CONVERSION = YES;
				CLANG_WARN_OBJC_IMPLICIT_RETAIN_SELF = YES;
				CLANG_WARN_OBJC_LITERAL_CONVERSION = YES;
				CLANG_WARN_OBJC_ROOT_CLASS = YES_ERROR;
				CLANG_WARN_QUOTED_INCLUDE_IN_FRAMEWORK_HEADER = YES;
				CLANG_WARN_RANGE_LOOP_ANALYSIS = YES;
				CLANG_WARN_STRICT_PROTOTYPES = YES;
				CLANG_WARN_SUSPICIOUS_MOVE = YES;
				CLANG_WARN_UNGUARDED_AVAILABILITY = YES_AGGRESSIVE;
				CLANG_WARN_UNREACHABLE_CODE = YES;
				CLANG_WARN__DUPLICATE_METHOD_MATCH = YES;
				COPY_PHASE_STRIP = NO;
				DEAD_CODE_STRIPPING = YES;
				DEBUG_INFORMATION_FORMAT = dwarf;
				ENABLE_STRICT_OBJC_MSGSEND = YES;
				ENABLE_TESTABILITY = YES;
				GCC_C_LANGUAGE_STANDARD = gnu11;
				GCC_DYNAMIC_NO_PIC = NO;
				GCC_NO_COMMON_BLOCKS = YES;
				GCC_OPTIMIZATION_LEVEL = 0;
				GCC_PREPROCESSOR_DEFINITIONS = (
					"DEBUG=1",
					"$(inherited)",
				);
				GCC_WARN_64_TO_32_BIT_CONVERSION = YES;
				GCC_WARN_ABOUT_RETURN_TYPE = YES_ERROR;
				GCC_WARN_UNDECLARED_SELECTOR = YES;
				GCC_WARN_UNINITIALIZED_AUTOS = YES_AGGRESSIVE;
				GCC_WARN_UNUSED_FUNCTION = YES;
				GCC_WARN_UNUSED_VARIABLE = YES;
				MTL_ENABLE_DEBUG_INFO = YES;
				ONLY_ACTIVE_ARCH = YES;
				PRODUCT_NAME = "$(TARGET_NAME)";
			};
			name = Debug;
		};
/* End XCBuildConfiguration section */

/* Begin XCConfigurationList section */
		677518F0301BB9C5BA3C922A /* Build configuration list for PBXProject "WordsFactory" */ = {
			isa = XCConfigurationList;
			buildConfigurations = (
				E55A3628BAEC3C908F04AD53 /* Debug */,
				BE90BD9FB6C6851ADE41DC75 /* Release */,
			);
			defaultConfigurationIsVisible = 0;
			defaultConfigurationName = Release;
		};
		8EBAF65843601CB2210FC123 /* Build configuration list for PBXNativeTarget "WordsFactory" */ = {
			isa = XCConfigurationList;
			buildConfigurations = (
				ADE12024E79C1E7AE3471E05 /* Debug */,
				5BBE7C8D2120CFEC77C75FBB /* Release */,
			);
			defaultConfigurationIsVisible = 0;
			defaultConfigurationName = Release;
		};
/* End XCConfigurationList section */

/* Begin XCVersionGroup section */
		154B7E0AFB1A95D4B0196118 /* Model.xcdatamodeld */ = {
			isa = XCVersionGroup;
			children = (
				2089F7C8A47F49F302644C2F /* Model.xcdatamodel */,
			);
			currentVersion = 2089F7C8A47F49F302644C2F /* Model.xcdatamodel */;
			path = Model.xcdatamodeld;
			sourceTree = "<group>";
			versionGroupType = wrapper.xcdatamodel;
		};
/* End XCVersionGroup section */
	};
	rootObject = B8857C773AE117A7CD77A846 /* Project object */;
}
